// !$*UTF8*$!
{
	archiveVersion = 1;
	classes = {
	};
	objectVersion = 56;
	objects = {

/* Begin PBXBuildFile section */
		1D305F9A28FD298F00EE3FDF /* TheVeggieApp.swift in Sources */ = {isa = PBXBuildFile; fileRef = 1D305F9928FD298F00EE3FDF /* TheVeggieApp.swift */; };
		1D305F9E28FD299100EE3FDF /* Assets.xcassets in Resources */ = {isa = PBXBuildFile; fileRef = 1D305F9D28FD299100EE3FDF /* Assets.xcassets */; };
		1D305FA128FD299100EE3FDF /* Preview Assets.xcassets in Resources */ = {isa = PBXBuildFile; fileRef = 1D305FA028FD299100EE3FDF /* Preview Assets.xcassets */; };
		1D305FA628FD299100EE3FDF /* TheVeggie.xcdatamodeld in Sources */ = {isa = PBXBuildFile; fileRef = 1D305FA428FD299100EE3FDF /* TheVeggie.xcdatamodeld */; };
		1D305FB128FD299100EE3FDF /* TheVeggieTests.swift in Sources */ = {isa = PBXBuildFile; fileRef = 1D305FB028FD299100EE3FDF /* TheVeggieTests.swift */; };
		1D305FBB28FD299100EE3FDF /* TheVeggieUITests.swift in Sources */ = {isa = PBXBuildFile; fileRef = 1D305FBA28FD299100EE3FDF /* TheVeggieUITests.swift */; };
		1D305FBD28FD299100EE3FDF /* TheVeggieUITestsLaunchTests.swift in Sources */ = {isa = PBXBuildFile; fileRef = 1D305FBC28FD299100EE3FDF /* TheVeggieUITestsLaunchTests.swift */; };
		1D46F726291565AD00CC28CF /* MyRecipeViewModel.swift in Sources */ = {isa = PBXBuildFile; fileRef = 1D46F725291565AD00CC28CF /* MyRecipeViewModel.swift */; };
		1D46F7282917D2DF00CC28CF /* MyRecipeRow.swift in Sources */ = {isa = PBXBuildFile; fileRef = 1D46F7272917D2DF00CC28CF /* MyRecipeRow.swift */; };
		1D46F72B2917D4C600CC28CF /* RectangleImage.swift in Sources */ = {isa = PBXBuildFile; fileRef = 1D46F72A2917D4C600CC28CF /* RectangleImage.swift */; };
		1D50066529014B1500530D8F /* RecipeModelDataService.swift in Sources */ = {isa = PBXBuildFile; fileRef = 1D50066429014B1500530D8F /* RecipeModelDataService.swift */; };
		1D50066729014D6800530D8F /* RecipeModel.swift in Sources */ = {isa = PBXBuildFile; fileRef = 1D50066629014D6800530D8F /* RecipeModel.swift */; };
		1D53EB842918235800AC633A /* ImagePicker.swift in Sources */ = {isa = PBXBuildFile; fileRef = 1D53EB832918235800AC633A /* ImagePicker.swift */; };
		1D576ED52910159E00D39134 /* DownloadingImageView.swift in Sources */ = {isa = PBXBuildFile; fileRef = 1D576ED42910159E00D39134 /* DownloadingImageView.swift */; };
		1D576ED72910174800D39134 /* ImageLoadingViewModel.swift in Sources */ = {isa = PBXBuildFile; fileRef = 1D576ED62910174800D39134 /* ImageLoadingViewModel.swift */; };
		1D576ED929104D3100D39134 /* RecipeImageModelFileManager.swift in Sources */ = {isa = PBXBuildFile; fileRef = 1D576ED829104D3100D39134 /* RecipeImageModelFileManager.swift */; };
		1D576EDB2910525B00D39134 /* RecipeImageModelCacheManager.swift in Sources */ = {isa = PBXBuildFile; fileRef = 1D576EDA2910525B00D39134 /* RecipeImageModelCacheManager.swift */; };
		1D5BAD392927B4D5009DD7DD /* AddRecipeViewModel.swift in Sources */ = {isa = PBXBuildFile; fileRef = 1D5BAD382927B4D5009DD7DD /* AddRecipeViewModel.swift */; };
		1D5E8918291406BA000BEA53 /* RecipeWebView.swift in Sources */ = {isa = PBXBuildFile; fileRef = 1D5E8917291406BA000BEA53 /* RecipeWebView.swift */; };
		1D5E891C29152E3C000BEA53 /* MyRecipesView.swift in Sources */ = {isa = PBXBuildFile; fileRef = 1D5E891B29152E3C000BEA53 /* MyRecipesView.swift */; };
		1D5E891F291532D8000BEA53 /* ContentView.swift in Sources */ = {isa = PBXBuildFile; fileRef = 1D5E891E291532D8000BEA53 /* ContentView.swift */; };
		1D5E89212915464A000BEA53 /* AddMyRecipeView.swift in Sources */ = {isa = PBXBuildFile; fileRef = 1D5E89202915464A000BEA53 /* AddMyRecipeView.swift */; };
		1D5FAF4C2902C3F1004F28C3 /* ApiKeys.swift in Sources */ = {isa = PBXBuildFile; fileRef = 1D5FAF4B2902C3F1004F28C3 /* ApiKeys.swift */; };
		1D5FAF4E2902C5C6004F28C3 /* APIViewModel.swift in Sources */ = {isa = PBXBuildFile; fileRef = 1D5FAF4D2902C5C6004F28C3 /* APIViewModel.swift */; };
		1D676A3728FDB4DF00449823 /* CoreDataManager.swift in Sources */ = {isa = PBXBuildFile; fileRef = 1D676A3628FDB4DF00449823 /* CoreDataManager.swift */; };
		1D676A3A28FEDE8700449823 /* HomeAPIView.swift in Sources */ = {isa = PBXBuildFile; fileRef = 1D676A3928FEDE8700449823 /* HomeAPIView.swift */; };
		1D676A3C28FEDF2700449823 /* HomeApiRecipeRow.swift in Sources */ = {isa = PBXBuildFile; fileRef = 1D676A3B28FEDF2700449823 /* HomeApiRecipeRow.swift */; };
		1D67C8CA29252C9800BBCBA3 /* MyRecipeDetailView.swift in Sources */ = {isa = PBXBuildFile; fileRef = 1D67C8C929252C9800BBCBA3 /* MyRecipeDetailView.swift */; };
		1D6CDA852918F18F001408CD /* FavoriteButton.swift in Sources */ = {isa = PBXBuildFile; fileRef = 1D6CDA842918F18F001408CD /* FavoriteButton.swift */; };
		1DCAD7AF292B77690009532F /* SplashScreenView.swift in Sources */ = {isa = PBXBuildFile; fileRef = 1DCAD7AE292B77690009532F /* SplashScreenView.swift */; };
		1DCAD7B1292BAB7B0009532F /* AddApiRecipeView.swift in Sources */ = {isa = PBXBuildFile; fileRef = 1DCAD7B0292BAB7B0009532F /* AddApiRecipeView.swift */; };
		1DCAD7B3292D04A40009532F /* RecipeValues.swift in Sources */ = {isa = PBXBuildFile; fileRef = 1DCAD7B2292D04A40009532F /* RecipeValues.swift */; };
		1DCAD7B5292D05CD0009532F /* IngredientValues.swift in Sources */ = {isa = PBXBuildFile; fileRef = 1DCAD7B4292D05CD0009532F /* IngredientValues.swift */; };
		1DFA1EE12912A855000C98D8 /* ApiRecipeDetailView.swift in Sources */ = {isa = PBXBuildFile; fileRef = 1DFA1EE02912A855000C98D8 /* ApiRecipeDetailView.swift */; };
		1DFA1EE42912A8FC000C98D8 /* Colors.swift in Sources */ = {isa = PBXBuildFile; fileRef = 1DFA1EE32912A8FC000C98D8 /* Colors.swift */; };
/* End PBXBuildFile section */

/* Begin PBXContainerItemProxy section */
		1D305FAD28FD299100EE3FDF /* PBXContainerItemProxy */ = {
			isa = PBXContainerItemProxy;
			containerPortal = 1D305F8E28FD298F00EE3FDF /* Project object */;
			proxyType = 1;
			remoteGlobalIDString = 1D305F9528FD298F00EE3FDF;
			remoteInfo = TheVeggie;
		};
		1D305FB728FD299100EE3FDF /* PBXContainerItemProxy */ = {
			isa = PBXContainerItemProxy;
			containerPortal = 1D305F8E28FD298F00EE3FDF /* Project object */;
			proxyType = 1;
			remoteGlobalIDString = 1D305F9528FD298F00EE3FDF;
			remoteInfo = TheVeggie;
		};
/* End PBXContainerItemProxy section */

/* Begin PBXFileReference section */
		1D305F9628FD298F00EE3FDF /* TheVeggie.app */ = {isa = PBXFileReference; explicitFileType = wrapper.application; includeInIndex = 0; path = TheVeggie.app; sourceTree = BUILT_PRODUCTS_DIR; };
		1D305F9928FD298F00EE3FDF /* TheVeggieApp.swift */ = {isa = PBXFileReference; lastKnownFileType = sourcecode.swift; path = TheVeggieApp.swift; sourceTree = "<group>"; };
		1D305F9D28FD299100EE3FDF /* Assets.xcassets */ = {isa = PBXFileReference; lastKnownFileType = folder.assetcatalog; path = Assets.xcassets; sourceTree = "<group>"; };
		1D305FA028FD299100EE3FDF /* Preview Assets.xcassets */ = {isa = PBXFileReference; lastKnownFileType = folder.assetcatalog; path = "Preview Assets.xcassets"; sourceTree = "<group>"; };
		1D305FA528FD299100EE3FDF /* TheVeggie.xcdatamodel */ = {isa = PBXFileReference; lastKnownFileType = wrapper.xcdatamodel; path = TheVeggie.xcdatamodel; sourceTree = "<group>"; };
		1D305FA728FD299100EE3FDF /* Info.plist */ = {isa = PBXFileReference; lastKnownFileType = text.plist.xml; path = Info.plist; sourceTree = "<group>"; };
		1D305FAC28FD299100EE3FDF /* TheVeggieTests.xctest */ = {isa = PBXFileReference; explicitFileType = wrapper.cfbundle; includeInIndex = 0; path = TheVeggieTests.xctest; sourceTree = BUILT_PRODUCTS_DIR; };
		1D305FB028FD299100EE3FDF /* TheVeggieTests.swift */ = {isa = PBXFileReference; lastKnownFileType = sourcecode.swift; path = TheVeggieTests.swift; sourceTree = "<group>"; };
		1D305FB628FD299100EE3FDF /* TheVeggieUITests.xctest */ = {isa = PBXFileReference; explicitFileType = wrapper.cfbundle; includeInIndex = 0; path = TheVeggieUITests.xctest; sourceTree = BUILT_PRODUCTS_DIR; };
		1D305FBA28FD299100EE3FDF /* TheVeggieUITests.swift */ = {isa = PBXFileReference; lastKnownFileType = sourcecode.swift; path = TheVeggieUITests.swift; sourceTree = "<group>"; };
		1D305FBC28FD299100EE3FDF /* TheVeggieUITestsLaunchTests.swift */ = {isa = PBXFileReference; lastKnownFileType = sourcecode.swift; path = TheVeggieUITestsLaunchTests.swift; sourceTree = "<group>"; };
		1D46F725291565AD00CC28CF /* MyRecipeViewModel.swift */ = {isa = PBXFileReference; lastKnownFileType = sourcecode.swift; path = MyRecipeViewModel.swift; sourceTree = "<group>"; };
		1D46F7272917D2DF00CC28CF /* MyRecipeRow.swift */ = {isa = PBXFileReference; lastKnownFileType = sourcecode.swift; path = MyRecipeRow.swift; sourceTree = "<group>"; };
		1D46F72A2917D4C600CC28CF /* RectangleImage.swift */ = {isa = PBXFileReference; lastKnownFileType = sourcecode.swift; path = RectangleImage.swift; sourceTree = "<group>"; };
		1D50066429014B1500530D8F /* RecipeModelDataService.swift */ = {isa = PBXFileReference; lastKnownFileType = sourcecode.swift; path = RecipeModelDataService.swift; sourceTree = "<group>"; };
		1D50066629014D6800530D8F /* RecipeModel.swift */ = {isa = PBXFileReference; lastKnownFileType = sourcecode.swift; path = RecipeModel.swift; sourceTree = "<group>"; };
		1D53EB832918235800AC633A /* ImagePicker.swift */ = {isa = PBXFileReference; lastKnownFileType = sourcecode.swift; path = ImagePicker.swift; sourceTree = "<group>"; };
		1D576ED42910159E00D39134 /* DownloadingImageView.swift */ = {isa = PBXFileReference; lastKnownFileType = sourcecode.swift; path = DownloadingImageView.swift; sourceTree = "<group>"; };
		1D576ED62910174800D39134 /* ImageLoadingViewModel.swift */ = {isa = PBXFileReference; lastKnownFileType = sourcecode.swift; path = ImageLoadingViewModel.swift; sourceTree = "<group>"; };
		1D576ED829104D3100D39134 /* RecipeImageModelFileManager.swift */ = {isa = PBXFileReference; lastKnownFileType = sourcecode.swift; path = RecipeImageModelFileManager.swift; sourceTree = "<group>"; };
		1D576EDA2910525B00D39134 /* RecipeImageModelCacheManager.swift */ = {isa = PBXFileReference; lastKnownFileType = sourcecode.swift; path = RecipeImageModelCacheManager.swift; sourceTree = "<group>"; };
		1D5BAD382927B4D5009DD7DD /* AddRecipeViewModel.swift */ = {isa = PBXFileReference; lastKnownFileType = sourcecode.swift; path = AddRecipeViewModel.swift; sourceTree = "<group>"; };
		1D5E8917291406BA000BEA53 /* RecipeWebView.swift */ = {isa = PBXFileReference; lastKnownFileType = sourcecode.swift; path = RecipeWebView.swift; sourceTree = "<group>"; };
		1D5E891B29152E3C000BEA53 /* MyRecipesView.swift */ = {isa = PBXFileReference; lastKnownFileType = sourcecode.swift; path = MyRecipesView.swift; sourceTree = "<group>"; };
		1D5E891E291532D8000BEA53 /* ContentView.swift */ = {isa = PBXFileReference; lastKnownFileType = sourcecode.swift; path = ContentView.swift; sourceTree = "<group>"; };
		1D5E89202915464A000BEA53 /* AddMyRecipeView.swift */ = {isa = PBXFileReference; lastKnownFileType = sourcecode.swift; path = AddMyRecipeView.swift; sourceTree = "<group>"; };
		1D5FAF4B2902C3F1004F28C3 /* ApiKeys.swift */ = {isa = PBXFileReference; lastKnownFileType = sourcecode.swift; path = ApiKeys.swift; sourceTree = "<group>"; };
		1D5FAF4D2902C5C6004F28C3 /* APIViewModel.swift */ = {isa = PBXFileReference; lastKnownFileType = sourcecode.swift; path = APIViewModel.swift; sourceTree = "<group>"; };
		1D676A3628FDB4DF00449823 /* CoreDataManager.swift */ = {isa = PBXFileReference; lastKnownFileType = sourcecode.swift; path = CoreDataManager.swift; sourceTree = "<group>"; };
		1D676A3928FEDE8700449823 /* HomeAPIView.swift */ = {isa = PBXFileReference; lastKnownFileType = sourcecode.swift; path = HomeAPIView.swift; sourceTree = "<group>"; };
		1D676A3B28FEDF2700449823 /* HomeApiRecipeRow.swift */ = {isa = PBXFileReference; lastKnownFileType = sourcecode.swift; path = HomeApiRecipeRow.swift; sourceTree = "<group>"; };
		1D67C8C929252C9800BBCBA3 /* MyRecipeDetailView.swift */ = {isa = PBXFileReference; lastKnownFileType = sourcecode.swift; path = MyRecipeDetailView.swift; sourceTree = "<group>"; };
		1D6CDA842918F18F001408CD /* FavoriteButton.swift */ = {isa = PBXFileReference; lastKnownFileType = sourcecode.swift; path = FavoriteButton.swift; sourceTree = "<group>"; };
		1DCAD7AE292B77690009532F /* SplashScreenView.swift */ = {isa = PBXFileReference; lastKnownFileType = sourcecode.swift; path = SplashScreenView.swift; sourceTree = "<group>"; };
		1DCAD7B0292BAB7B0009532F /* AddApiRecipeView.swift */ = {isa = PBXFileReference; lastKnownFileType = sourcecode.swift; path = AddApiRecipeView.swift; sourceTree = "<group>"; };
		1DCAD7B2292D04A40009532F /* RecipeValues.swift */ = {isa = PBXFileReference; lastKnownFileType = sourcecode.swift; path = RecipeValues.swift; sourceTree = "<group>"; };
		1DCAD7B4292D05CD0009532F /* IngredientValues.swift */ = {isa = PBXFileReference; lastKnownFileType = sourcecode.swift; path = IngredientValues.swift; sourceTree = "<group>"; };
		1DFA1EE02912A855000C98D8 /* ApiRecipeDetailView.swift */ = {isa = PBXFileReference; lastKnownFileType = sourcecode.swift; path = ApiRecipeDetailView.swift; sourceTree = "<group>"; };
		1DFA1EE32912A8FC000C98D8 /* Colors.swift */ = {isa = PBXFileReference; lastKnownFileType = sourcecode.swift; path = Colors.swift; sourceTree = "<group>"; };
/* End PBXFileReference section */

/* Begin PBXFrameworksBuildPhase section */
		1D305F9328FD298F00EE3FDF /* Frameworks */ = {
			isa = PBXFrameworksBuildPhase;
			buildActionMask = 2147483647;
			files = (
			);
			runOnlyForDeploymentPostprocessing = 0;
		};
		1D305FA928FD299100EE3FDF /* Frameworks */ = {
			isa = PBXFrameworksBuildPhase;
			buildActionMask = 2147483647;
			files = (
			);
			runOnlyForDeploymentPostprocessing = 0;
		};
		1D305FB328FD299100EE3FDF /* Frameworks */ = {
			isa = PBXFrameworksBuildPhase;
			buildActionMask = 2147483647;
			files = (
			);
			runOnlyForDeploymentPostprocessing = 0;
		};
/* End PBXFrameworksBuildPhase section */

/* Begin PBXGroup section */
		1D305F8D28FD298F00EE3FDF = {
			isa = PBXGroup;
			children = (
				1D305F9828FD298F00EE3FDF /* TheVeggie */,
				1D305FAF28FD299100EE3FDF /* TheVeggieTests */,
				1D305FB928FD299100EE3FDF /* TheVeggieUITests */,
				1D305F9728FD298F00EE3FDF /* Products */,
			);
			sourceTree = "<group>";
		};
		1D305F9728FD298F00EE3FDF /* Products */ = {
			isa = PBXGroup;
			children = (
				1D305F9628FD298F00EE3FDF /* TheVeggie.app */,
				1D305FAC28FD299100EE3FDF /* TheVeggieTests.xctest */,
				1D305FB628FD299100EE3FDF /* TheVeggieUITests.xctest */,
			);
			name = Products;
			sourceTree = "<group>";
		};
		1D305F9828FD298F00EE3FDF /* TheVeggie */ = {
			isa = PBXGroup;
			children = (
				1D305F9928FD298F00EE3FDF /* TheVeggieApp.swift */,
				1D676A3028FDB16B00449823 /* Presentation */,
				1D676A3228FDB1CB00449823 /* Models */,
				1D676A2F28FDB14F00449823 /* Utillities */,
				1D676A2E28FDB13300449823 /* networking */,
				1D676A3128FDB17C00449823 /* CoreData */,
				1D305FA728FD299100EE3FDF /* Info.plist */,
				1D305F9D28FD299100EE3FDF /* Assets.xcassets */,
				1D305F9F28FD299100EE3FDF /* Preview Content */,
			);
			path = TheVeggie;
			sourceTree = "<group>";
		};
		1D305F9F28FD299100EE3FDF /* Preview Content */ = {
			isa = PBXGroup;
			children = (
				1D305FA028FD299100EE3FDF /* Preview Assets.xcassets */,
			);
			path = "Preview Content";
			sourceTree = "<group>";
		};
		1D305FAF28FD299100EE3FDF /* TheVeggieTests */ = {
			isa = PBXGroup;
			children = (
				1D305FB028FD299100EE3FDF /* TheVeggieTests.swift */,
			);
			path = TheVeggieTests;
			sourceTree = "<group>";
		};
		1D305FB928FD299100EE3FDF /* TheVeggieUITests */ = {
			isa = PBXGroup;
			children = (
				1D305FBA28FD299100EE3FDF /* TheVeggieUITests.swift */,
				1D305FBC28FD299100EE3FDF /* TheVeggieUITestsLaunchTests.swift */,
			);
			path = TheVeggieUITests;
			sourceTree = "<group>";
		};
		1D46F7292917D42500CC28CF /* Helpers */ = {
			isa = PBXGroup;
			children = (
				1D5E8917291406BA000BEA53 /* RecipeWebView.swift */,
				1D576ED42910159E00D39134 /* DownloadingImageView.swift */,
				1D46F72A2917D4C600CC28CF /* RectangleImage.swift */,
				1D53EB832918235800AC633A /* ImagePicker.swift */,
				1D6CDA842918F18F001408CD /* FavoriteButton.swift */,
			);
			path = Helpers;
			sourceTree = "<group>";
		};
		1D5E891D29152E4B000BEA53 /* MyRecipes */ = {
			isa = PBXGroup;
			children = (
				1D5E891B29152E3C000BEA53 /* MyRecipesView.swift */,
				1D5E89202915464A000BEA53 /* AddMyRecipeView.swift */,
				1D46F7272917D2DF00CC28CF /* MyRecipeRow.swift */,
			);
			path = MyRecipes;
			sourceTree = "<group>";
		};
		1D5FAF4A2902BA05004F28C3 /* ViewModel */ = {
			isa = PBXGroup;
			children = (
				1D5FAF4D2902C5C6004F28C3 /* APIViewModel.swift */,
				1D576ED62910174800D39134 /* ImageLoadingViewModel.swift */,
				1D46F725291565AD00CC28CF /* MyRecipeViewModel.swift */,
				1D5BAD382927B4D5009DD7DD /* AddRecipeViewModel.swift */,
			);
			path = ViewModel;
			sourceTree = "<group>";
		};
		1D676A2E28FDB13300449823 /* networking */ = {
			isa = PBXGroup;
			children = (
				1D50066429014B1500530D8F /* RecipeModelDataService.swift */,
				1D5FAF4B2902C3F1004F28C3 /* ApiKeys.swift */,
			);
			path = networking;
			sourceTree = "<group>";
		};
		1D676A2F28FDB14F00449823 /* Utillities */ = {
			isa = PBXGroup;
			children = (
				1D576ED829104D3100D39134 /* RecipeImageModelFileManager.swift */,
				1D576EDA2910525B00D39134 /* RecipeImageModelCacheManager.swift */,
				1DFA1EE22912A8E9000C98D8 /* Design */,
				1D46F7292917D42500CC28CF /* Helpers */,
			);
			path = Utillities;
			sourceTree = "<group>";
		};
		1D676A3028FDB16B00449823 /* Presentation */ = {
			isa = PBXGroup;
			children = (
				1D676A3528FDB20900449823 /* Views */,
			);
			path = Presentation;
			sourceTree = "<group>";
		};
		1D676A3128FDB17C00449823 /* CoreData */ = {
			isa = PBXGroup;
			children = (
				1D676A3628FDB4DF00449823 /* CoreDataManager.swift */,
			);
			path = CoreData;
			sourceTree = "<group>";
		};
		1D676A3228FDB1CB00449823 /* Models */ = {
			isa = PBXGroup;
			children = (
				1D305FA428FD299100EE3FDF /* TheVeggie.xcdatamodeld */,
				1D50066629014D6800530D8F /* RecipeModel.swift */,
				1DCAD7B2292D04A40009532F /* RecipeValues.swift */,
				1DCAD7B4292D05CD0009532F /* IngredientValues.swift */,
			);
			path = Models;
			sourceTree = "<group>";
		};
		1D676A3528FDB20900449823 /* Views */ = {
			isa = PBXGroup;
			children = (
				1DCAD7AE292B77690009532F /* SplashScreenView.swift */,
				1D5E891E291532D8000BEA53 /* ContentView.swift */,
				1D676A3828FEDE6500449823 /* Home */,
				1D5E891D29152E4B000BEA53 /* MyRecipes */,
				1DFA1EDF2912A811000C98D8 /* RecipeDetail */,
				1D5FAF4A2902BA05004F28C3 /* ViewModel */,
			);
			path = Views;
			sourceTree = "<group>";
		};
		1D676A3828FEDE6500449823 /* Home */ = {
			isa = PBXGroup;
			children = (
				1D676A3928FEDE8700449823 /* HomeAPIView.swift */,
				1D676A3B28FEDF2700449823 /* HomeApiRecipeRow.swift */,
				1DCAD7B0292BAB7B0009532F /* AddApiRecipeView.swift */,
			);
			path = Home;
			sourceTree = "<group>";
		};
		1DFA1EDF2912A811000C98D8 /* RecipeDetail */ = {
			isa = PBXGroup;
			children = (
				1DFA1EE02912A855000C98D8 /* ApiRecipeDetailView.swift */,
				1D67C8C929252C9800BBCBA3 /* MyRecipeDetailView.swift */,
			);
			path = RecipeDetail;
			sourceTree = "<group>";
		};
		1DFA1EE22912A8E9000C98D8 /* Design */ = {
			isa = PBXGroup;
			children = (
				1DFA1EE32912A8FC000C98D8 /* Colors.swift */,
			);
			path = Design;
			sourceTree = "<group>";
		};
/* End PBXGroup section */

/* Begin PBXNativeTarget section */
		1D305F9528FD298F00EE3FDF /* TheVeggie */ = {
			isa = PBXNativeTarget;
			buildConfigurationList = 1D305FC028FD299100EE3FDF /* Build configuration list for PBXNativeTarget "TheVeggie" */;
			buildPhases = (
				1D305F9228FD298F00EE3FDF /* Sources */,
				1D305F9328FD298F00EE3FDF /* Frameworks */,
				1D305F9428FD298F00EE3FDF /* Resources */,
			);
			buildRules = (
			);
			dependencies = (
			);
			name = TheVeggie;
			packageProductDependencies = (
			);
			productName = TheVeggie;
			productReference = 1D305F9628FD298F00EE3FDF /* TheVeggie.app */;
			productType = "com.apple.product-type.application";
		};
		1D305FAB28FD299100EE3FDF /* TheVeggieTests */ = {
			isa = PBXNativeTarget;
			buildConfigurationList = 1D305FC328FD299100EE3FDF /* Build configuration list for PBXNativeTarget "TheVeggieTests" */;
			buildPhases = (
				1D305FA828FD299100EE3FDF /* Sources */,
				1D305FA928FD299100EE3FDF /* Frameworks */,
				1D305FAA28FD299100EE3FDF /* Resources */,
			);
			buildRules = (
			);
			dependencies = (
				1D305FAE28FD299100EE3FDF /* PBXTargetDependency */,
			);
			name = TheVeggieTests;
			productName = TheVeggieTests;
			productReference = 1D305FAC28FD299100EE3FDF /* TheVeggieTests.xctest */;
			productType = "com.apple.product-type.bundle.unit-test";
		};
		1D305FB528FD299100EE3FDF /* TheVeggieUITests */ = {
			isa = PBXNativeTarget;
			buildConfigurationList = 1D305FC628FD299100EE3FDF /* Build configuration list for PBXNativeTarget "TheVeggieUITests" */;
			buildPhases = (
				1D305FB228FD299100EE3FDF /* Sources */,
				1D305FB328FD299100EE3FDF /* Frameworks */,
				1D305FB428FD299100EE3FDF /* Resources */,
			);
			buildRules = (
			);
			dependencies = (
				1D305FB828FD299100EE3FDF /* PBXTargetDependency */,
			);
			name = TheVeggieUITests;
			productName = TheVeggieUITests;
			productReference = 1D305FB628FD299100EE3FDF /* TheVeggieUITests.xctest */;
			productType = "com.apple.product-type.bundle.ui-testing";
		};
/* End PBXNativeTarget section */

/* Begin PBXProject section */
		1D305F8E28FD298F00EE3FDF /* Project object */ = {
			isa = PBXProject;
			attributes = {
				BuildIndependentTargetsInParallel = 1;
				LastSwiftUpdateCheck = 1400;
				LastUpgradeCheck = 1400;
				TargetAttributes = {
					1D305F9528FD298F00EE3FDF = {
						CreatedOnToolsVersion = 14.0.1;
					};
					1D305FAB28FD299100EE3FDF = {
						CreatedOnToolsVersion = 14.0.1;
						TestTargetID = 1D305F9528FD298F00EE3FDF;
					};
					1D305FB528FD299100EE3FDF = {
						CreatedOnToolsVersion = 14.0.1;
						TestTargetID = 1D305F9528FD298F00EE3FDF;
					};
				};
			};
			buildConfigurationList = 1D305F9128FD298F00EE3FDF /* Build configuration list for PBXProject "TheVeggie" */;
			compatibilityVersion = "Xcode 14.0";
			developmentRegion = en;
			hasScannedForEncodings = 0;
			knownRegions = (
				en,
				Base,
			);
			mainGroup = 1D305F8D28FD298F00EE3FDF;
			packageReferences = (
			);
			productRefGroup = 1D305F9728FD298F00EE3FDF /* Products */;
			projectDirPath = "";
			projectRoot = "";
			targets = (
				1D305F9528FD298F00EE3FDF /* TheVeggie */,
				1D305FAB28FD299100EE3FDF /* TheVeggieTests */,
				1D305FB528FD299100EE3FDF /* TheVeggieUITests */,
			);
		};
/* End PBXProject section */

/* Begin PBXResourcesBuildPhase section */
		1D305F9428FD298F00EE3FDF /* Resources */ = {
			isa = PBXResourcesBuildPhase;
			buildActionMask = 2147483647;
			files = (
				1D305FA128FD299100EE3FDF /* Preview Assets.xcassets in Resources */,
				1D305F9E28FD299100EE3FDF /* Assets.xcassets in Resources */,
			);
			runOnlyForDeploymentPostprocessing = 0;
		};
		1D305FAA28FD299100EE3FDF /* Resources */ = {
			isa = PBXResourcesBuildPhase;
			buildActionMask = 2147483647;
			files = (
			);
			runOnlyForDeploymentPostprocessing = 0;
		};
		1D305FB428FD299100EE3FDF /* Resources */ = {
			isa = PBXResourcesBuildPhase;
			buildActionMask = 2147483647;
			files = (
			);
			runOnlyForDeploymentPostprocessing = 0;
		};
/* End PBXResourcesBuildPhase section */

/* Begin PBXSourcesBuildPhase section */
		1D305F9228FD298F00EE3FDF /* Sources */ = {
			isa = PBXSourcesBuildPhase;
			buildActionMask = 2147483647;
			files = (
				1DCAD7B5292D05CD0009532F /* IngredientValues.swift in Sources */,
				1D46F726291565AD00CC28CF /* MyRecipeViewModel.swift in Sources */,
				1D53EB842918235800AC633A /* ImagePicker.swift in Sources */,
				1D676A3728FDB4DF00449823 /* CoreDataManager.swift in Sources */,
				1D6CDA852918F18F001408CD /* FavoriteButton.swift in Sources */,
				1D5BAD392927B4D5009DD7DD /* AddRecipeViewModel.swift in Sources */,
				1D5E891C29152E3C000BEA53 /* MyRecipesView.swift in Sources */,
				1DFA1EE42912A8FC000C98D8 /* Colors.swift in Sources */,
				1D576EDB2910525B00D39134 /* RecipeImageModelCacheManager.swift in Sources */,
				1D676A3C28FEDF2700449823 /* HomeApiRecipeRow.swift in Sources */,
				1DCAD7AF292B77690009532F /* SplashScreenView.swift in Sources */,
				1D576ED72910174800D39134 /* ImageLoadingViewModel.swift in Sources */,
				1DCAD7B3292D04A40009532F /* RecipeValues.swift in Sources */,
				1D305FA628FD299100EE3FDF /* TheVeggie.xcdatamodeld in Sources */,
				1D576ED929104D3100D39134 /* RecipeImageModelFileManager.swift in Sources */,
				1D5FAF4C2902C3F1004F28C3 /* ApiKeys.swift in Sources */,
				1D46F7282917D2DF00CC28CF /* MyRecipeRow.swift in Sources */,
				1DFA1EE12912A855000C98D8 /* ApiRecipeDetailView.swift in Sources */,
				1D5E89212915464A000BEA53 /* AddMyRecipeView.swift in Sources */,
				1D50066529014B1500530D8F /* RecipeModelDataService.swift in Sources */,
				1D305F9A28FD298F00EE3FDF /* TheVeggieApp.swift in Sources */,
				1D676A3A28FEDE8700449823 /* HomeAPIView.swift in Sources */,
				1D576ED52910159E00D39134 /* DownloadingImageView.swift in Sources */,
				1D67C8CA29252C9800BBCBA3 /* MyRecipeDetailView.swift in Sources */,
				1D5E891F291532D8000BEA53 /* ContentView.swift in Sources */,
				1D50066729014D6800530D8F /* RecipeModel.swift in Sources */,
				1DCAD7B1292BAB7B0009532F /* AddApiRecipeView.swift in Sources */,
				1D5FAF4E2902C5C6004F28C3 /* APIViewModel.swift in Sources */,
				1D5E8918291406BA000BEA53 /* RecipeWebView.swift in Sources */,
				1D46F72B2917D4C600CC28CF /* RectangleImage.swift in Sources */,
			);
			runOnlyForDeploymentPostprocessing = 0;
		};
		1D305FA828FD299100EE3FDF /* Sources */ = {
			isa = PBXSourcesBuildPhase;
			buildActionMask = 2147483647;
			files = (
				1D305FB128FD299100EE3FDF /* TheVeggieTests.swift in Sources */,
			);
			runOnlyForDeploymentPostprocessing = 0;
		};
		1D305FB228FD299100EE3FDF /* Sources */ = {
			isa = PBXSourcesBuildPhase;
			buildActionMask = 2147483647;
			files = (
				1D305FBB28FD299100EE3FDF /* TheVeggieUITests.swift in Sources */,
				1D305FBD28FD299100EE3FDF /* TheVeggieUITestsLaunchTests.swift in Sources */,
			);
			runOnlyForDeploymentPostprocessing = 0;
		};
/* End PBXSourcesBuildPhase section */

/* Begin PBXTargetDependency section */
		1D305FAE28FD299100EE3FDF /* PBXTargetDependency */ = {
			isa = PBXTargetDependency;
			target = 1D305F9528FD298F00EE3FDF /* TheVeggie */;
			targetProxy = 1D305FAD28FD299100EE3FDF /* PBXContainerItemProxy */;
		};
		1D305FB828FD299100EE3FDF /* PBXTargetDependency */ = {
			isa = PBXTargetDependency;
			target = 1D305F9528FD298F00EE3FDF /* TheVeggie */;
			targetProxy = 1D305FB728FD299100EE3FDF /* PBXContainerItemProxy */;
		};
/* End PBXTargetDependency section */

/* Begin XCBuildConfiguration section */
		1D305FBE28FD299100EE3FDF /* Debug */ = {
			isa = XCBuildConfiguration;
			buildSettings = {
				ALWAYS_SEARCH_USER_PATHS = NO;
				CLANG_ANALYZER_NONNULL = YES;
				CLANG_ANALYZER_NUMBER_OBJECT_CONVERSION = YES_AGGRESSIVE;
				CLANG_CXX_LANGUAGE_STANDARD = "gnu++20";
				CLANG_ENABLE_MODULES = YES;
				CLANG_ENABLE_OBJC_ARC = YES;
				CLANG_ENABLE_OBJC_WEAK = YES;
				CLANG_WARN_BLOCK_CAPTURE_AUTORELEASING = YES;
				CLANG_WARN_BOOL_CONVERSION = YES;
				CLANG_WARN_COMMA = YES;
				CLANG_WARN_CONSTANT_CONVERSION = YES;
				CLANG_WARN_DEPRECATED_OBJC_IMPLEMENTATIONS = YES;
				CLANG_WARN_DIRECT_OBJC_ISA_USAGE = YES_ERROR;
				CLANG_WARN_DOCUMENTATION_COMMENTS = YES;
				CLANG_WARN_EMPTY_BODY = YES;
				CLANG_WARN_ENUM_CONVERSION = YES;
				CLANG_WARN_INFINITE_RECURSION = YES;
				CLANG_WARN_INT_CONVERSION = YES;
				CLANG_WARN_NON_LITERAL_NULL_CONVERSION = YES;
				CLANG_WARN_OBJC_IMPLICIT_RETAIN_SELF = YES;
				CLANG_WARN_OBJC_LITERAL_CONVERSION = YES;
				CLANG_WARN_OBJC_ROOT_CLASS = YES_ERROR;
				CLANG_WARN_QUOTED_INCLUDE_IN_FRAMEWORK_HEADER = YES;
				CLANG_WARN_RANGE_LOOP_ANALYSIS = YES;
				CLANG_WARN_STRICT_PROTOTYPES = YES;
				CLANG_WARN_SUSPICIOUS_MOVE = YES;
				CLANG_WARN_UNGUARDED_AVAILABILITY = YES_AGGRESSIVE;
				CLANG_WARN_UNREACHABLE_CODE = YES;
				CLANG_WARN__DUPLICATE_METHOD_MATCH = YES;
				COPY_PHASE_STRIP = NO;
				DEBUG_INFORMATION_FORMAT = dwarf;
				ENABLE_STRICT_OBJC_MSGSEND = YES;
				ENABLE_TESTABILITY = YES;
				GCC_C_LANGUAGE_STANDARD = gnu11;
				GCC_DYNAMIC_NO_PIC = NO;
				GCC_NO_COMMON_BLOCKS = YES;
				GCC_OPTIMIZATION_LEVEL = 0;
				GCC_PREPROCESSOR_DEFINITIONS = (
					"DEBUG=1",
					"$(inherited)",
				);
				GCC_WARN_64_TO_32_BIT_CONVERSION = YES;
				GCC_WARN_ABOUT_RETURN_TYPE = YES_ERROR;
				GCC_WARN_UNDECLARED_SELECTOR = YES;
				GCC_WARN_UNINITIALIZED_AUTOS = YES_AGGRESSIVE;
				GCC_WARN_UNUSED_FUNCTION = YES;
				GCC_WARN_UNUSED_VARIABLE = YES;
				IPHONEOS_DEPLOYMENT_TARGET = 16.0;
				MTL_ENABLE_DEBUG_INFO = INCLUDE_SOURCE;
				MTL_FAST_MATH = YES;
				ONLY_ACTIVE_ARCH = YES;
				SDKROOT = iphoneos;
				SWIFT_ACTIVE_COMPILATION_CONDITIONS = DEBUG;
				SWIFT_OPTIMIZATION_LEVEL = "-Onone";
			};
			name = Debug;
		};
		1D305FBF28FD299100EE3FDF /* Release */ = {
			isa = XCBuildConfiguration;
			buildSettings = {
				ALWAYS_SEARCH_USER_PATHS = NO;
				CLANG_ANALYZER_NONNULL = YES;
				CLANG_ANALYZER_NUMBER_OBJECT_CONVERSION = YES_AGGRESSIVE;
				CLANG_CXX_LANGUAGE_STANDARD = "gnu++20";
				CLANG_ENABLE_MODULES = YES;
				CLANG_ENABLE_OBJC_ARC = YES;
				CLANG_ENABLE_OBJC_WEAK = YES;
				CLANG_WARN_BLOCK_CAPTURE_AUTORELEASING = YES;
				CLANG_WARN_BOOL_CONVERSION = YES;
				CLANG_WARN_COMMA = YES;
				CLANG_WARN_CONSTANT_CONVERSION = YES;
				CLANG_WARN_DEPRECATED_OBJC_IMPLEMENTATIONS = YES;
				CLANG_WARN_DIRECT_OBJC_ISA_USAGE = YES_ERROR;
				CLANG_WARN_DOCUMENTATION_COMMENTS = YES;
				CLANG_WARN_EMPTY_BODY = YES;
				CLANG_WARN_ENUM_CONVERSION = YES;
				CLANG_WARN_INFINITE_RECURSION = YES;
				CLANG_WARN_INT_CONVERSION = YES;
				CLANG_WARN_NON_LITERAL_NULL_CONVERSION = YES;
				CLANG_WARN_OBJC_IMPLICIT_RETAIN_SELF = YES;
				CLANG_WARN_OBJC_LITERAL_CONVERSION = YES;
				CLANG_WARN_OBJC_ROOT_CLASS = YES_ERROR;
				CLANG_WARN_QUOTED_INCLUDE_IN_FRAMEWORK_HEADER = YES;
				CLANG_WARN_RANGE_LOOP_ANALYSIS = YES;
				CLANG_WARN_STRICT_PROTOTYPES = YES;
				CLANG_WARN_SUSPICIOUS_MOVE = YES;
				CLANG_WARN_UNGUARDED_AVAILABILITY = YES_AGGRESSIVE;
				CLANG_WARN_UNREACHABLE_CODE = YES;
				CLANG_WARN__DUPLICATE_METHOD_MATCH = YES;
				COPY_PHASE_STRIP = NO;
				DEBUG_INFORMATION_FORMAT = "dwarf-with-dsym";
				ENABLE_NS_ASSERTIONS = NO;
				ENABLE_STRICT_OBJC_MSGSEND = YES;
				GCC_C_LANGUAGE_STANDARD = gnu11;
				GCC_NO_COMMON_BLOCKS = YES;
				GCC_WARN_64_TO_32_BIT_CONVERSION = YES;
				GCC_WARN_ABOUT_RETURN_TYPE = YES_ERROR;
				GCC_WARN_UNDECLARED_SELECTOR = YES;
				GCC_WARN_UNINITIALIZED_AUTOS = YES_AGGRESSIVE;
				GCC_WARN_UNUSED_FUNCTION = YES;
				GCC_WARN_UNUSED_VARIABLE = YES;
				IPHONEOS_DEPLOYMENT_TARGET = 16.0;
				MTL_ENABLE_DEBUG_INFO = NO;
				MTL_FAST_MATH = YES;
				SDKROOT = iphoneos;
				SWIFT_COMPILATION_MODE = wholemodule;
				SWIFT_OPTIMIZATION_LEVEL = "-O";
				VALIDATE_PRODUCT = YES;
			};
			name = Release;
		};
		1D305FC128FD299100EE3FDF /* Debug */ = {
			isa = XCBuildConfiguration;
			buildSettings = {
				ASSETCATALOG_COMPILER_APPICON_NAME = AppIcon;
				ASSETCATALOG_COMPILER_GLOBAL_ACCENT_COLOR_NAME = AccentColor;
				CODE_SIGN_STYLE = Automatic;
				CURRENT_PROJECT_VERSION = 1;
				DEVELOPMENT_ASSET_PATHS = "\"TheVeggie/Preview Content\"";
				DEVELOPMENT_TEAM = 37H5DH3ZLK;
				ENABLE_PREVIEWS = YES;
				GENERATE_INFOPLIST_FILE = YES;
				INFOPLIST_KEY_UIApplicationSceneManifest_Generation = YES;
				INFOPLIST_KEY_UIApplicationSupportsIndirectInputEvents = YES;
				INFOPLIST_KEY_UILaunchScreen_Generation = YES;
				INFOPLIST_KEY_UISupportedInterfaceOrientations_iPad = "UIInterfaceOrientationPortrait UIInterfaceOrientationPortraitUpsideDown UIInterfaceOrientationLandscapeLeft UIInterfaceOrientationLandscapeRight";
				INFOPLIST_KEY_UISupportedInterfaceOrientations_iPhone = "UIInterfaceOrientationPortrait UIInterfaceOrientationLandscapeLeft UIInterfaceOrientationLandscapeRight";
				LD_RUNPATH_SEARCH_PATHS = (
					"$(inherited)",
					"@executable_path/Frameworks",
				);
				MARKETING_VERSION = 1.0;
				PRODUCT_BUNDLE_IDENTIFIER = de.jessicaernst.TheVeggie;
				PRODUCT_NAME = "$(TARGET_NAME)";
				SWIFT_EMIT_LOC_STRINGS = YES;
				SWIFT_VERSION = 5.0;
				TARGETED_DEVICE_FAMILY = "1,2";
			};
			name = Debug;
		};
		1D305FC228FD299100EE3FDF /* Release */ = {
			isa = XCBuildConfiguration;
			buildSettings = {
				ASSETCATALOG_COMPILER_APPICON_NAME = AppIcon;
				ASSETCATALOG_COMPILER_GLOBAL_ACCENT_COLOR_NAME = AccentColor;
				CODE_SIGN_STYLE = Automatic;
				CURRENT_PROJECT_VERSION = 1;
				DEVELOPMENT_ASSET_PATHS = "\"TheVeggie/Preview Content\"";
				DEVELOPMENT_TEAM = 37H5DH3ZLK;
				ENABLE_PREVIEWS = YES;
				GENERATE_INFOPLIST_FILE = YES;
				INFOPLIST_KEY_UIApplicationSceneManifest_Generation = YES;
				INFOPLIST_KEY_UIApplicationSupportsIndirectInputEvents = YES;
				INFOPLIST_KEY_UILaunchScreen_Generation = YES;
				INFOPLIST_KEY_UISupportedInterfaceOrientations_iPad = "UIInterfaceOrientationPortrait UIInterfaceOrientationPortraitUpsideDown UIInterfaceOrientationLandscapeLeft UIInterfaceOrientationLandscapeRight";
				INFOPLIST_KEY_UISupportedInterfaceOrientations_iPhone = "UIInterfaceOrientationPortrait UIInterfaceOrientationLandscapeLeft UIInterfaceOrientationLandscapeRight";
				LD_RUNPATH_SEARCH_PATHS = (
					"$(inherited)",
					"@executable_path/Frameworks",
				);
				MARKETING_VERSION = 1.0;
				PRODUCT_BUNDLE_IDENTIFIER = de.jessicaernst.TheVeggie;
				PRODUCT_NAME = "$(TARGET_NAME)";
				SWIFT_EMIT_LOC_STRINGS = YES;
				SWIFT_VERSION = 5.0;
				TARGETED_DEVICE_FAMILY = "1,2";
			};
			name = Release;
		};
		1D305FC428FD299100EE3FDF /* Debug */ = {
			isa = XCBuildConfiguration;
			buildSettings = {
				ALWAYS_EMBED_SWIFT_STANDARD_LIBRARIES = YES;
				BUNDLE_LOADER = "$(TEST_HOST)";
				CODE_SIGN_STYLE = Automatic;
				CURRENT_PROJECT_VERSION = 1;
				DEVELOPMENT_TEAM = 37H5DH3ZLK;
				GENERATE_INFOPLIST_FILE = YES;
				IPHONEOS_DEPLOYMENT_TARGET = 16.0;
				MARKETING_VERSION = 1.0;
				PRODUCT_BUNDLE_IDENTIFIER = de.jessicaernst.TheVeggieTests;
				PRODUCT_NAME = "$(TARGET_NAME)";
				SWIFT_EMIT_LOC_STRINGS = NO;
				SWIFT_VERSION = 5.0;
				TARGETED_DEVICE_FAMILY = "1,2";
				TEST_HOST = "$(BUILT_PRODUCTS_DIR)/TheVeggie.app/$(BUNDLE_EXECUTABLE_FOLDER_PATH)/TheVeggie";
			};
			name = Debug;
		};
		1D305FC528FD299100EE3FDF /* Release */ = {
			isa = XCBuildConfiguration;
			buildSettings = {
				ALWAYS_EMBED_SWIFT_STANDARD_LIBRARIES = YES;
				BUNDLE_LOADER = "$(TEST_HOST)";
				CODE_SIGN_STYLE = Automatic;
				CURRENT_PROJECT_VERSION = 1;
				DEVELOPMENT_TEAM = 37H5DH3ZLK;
				GENERATE_INFOPLIST_FILE = YES;
				IPHONEOS_DEPLOYMENT_TARGET = 16.0;
				MARKETING_VERSION = 1.0;
				PRODUCT_BUNDLE_IDENTIFIER = de.jessicaernst.TheVeggieTests;
				PRODUCT_NAME = "$(TARGET_NAME)";
				SWIFT_EMIT_LOC_STRINGS = NO;
				SWIFT_VERSION = 5.0;
				TARGETED_DEVICE_FAMILY = "1,2";
				TEST_HOST = "$(BUILT_PRODUCTS_DIR)/TheVeggie.app/$(BUNDLE_EXECUTABLE_FOLDER_PATH)/TheVeggie";
			};
			name = Release;
		};
		1D305FC728FD299100EE3FDF /* Debug */ = {
			isa = XCBuildConfiguration;
			buildSettings = {
				ALWAYS_EMBED_SWIFT_STANDARD_LIBRARIES = YES;
				CODE_SIGN_STYLE = Automatic;
				CURRENT_PROJECT_VERSION = 1;
				DEVELOPMENT_TEAM = 37H5DH3ZLK;
				GENERATE_INFOPLIST_FILE = YES;
				MARKETING_VERSION = 1.0;
				PRODUCT_BUNDLE_IDENTIFIER = de.jessicaernst.TheVeggieUITests;
				PRODUCT_NAME = "$(TARGET_NAME)";
				SWIFT_EMIT_LOC_STRINGS = NO;
				SWIFT_VERSION = 5.0;
				TARGETED_DEVICE_FAMILY = "1,2";
				TEST_TARGET_NAME = TheVeggie;
			};
			name = Debug;
		};
		1D305FC828FD299100EE3FDF /* Release */ = {
			isa = XCBuildConfiguration;
			buildSettings = {
				ALWAYS_EMBED_SWIFT_STANDARD_LIBRARIES = YES;
				CODE_SIGN_STYLE = Automatic;
				CURRENT_PROJECT_VERSION = 1;
				DEVELOPMENT_TEAM = 37H5DH3ZLK;
				GENERATE_INFOPLIST_FILE = YES;
				MARKETING_VERSION = 1.0;
				PRODUCT_BUNDLE_IDENTIFIER = de.jessicaernst.TheVeggieUITests;
				PRODUCT_NAME = "$(TARGET_NAME)";
				SWIFT_EMIT_LOC_STRINGS = NO;
				SWIFT_VERSION = 5.0;
				TARGETED_DEVICE_FAMILY = "1,2";
				TEST_TARGET_NAME = TheVeggie;
			};
			name = Release;
		};
/* End XCBuildConfiguration section */

/* Begin XCConfigurationList section */
		1D305F9128FD298F00EE3FDF /* Build configuration list for PBXProject "TheVeggie" */ = {
			isa = XCConfigurationList;
			buildConfigurations = (
				1D305FBE28FD299100EE3FDF /* Debug */,
				1D305FBF28FD299100EE3FDF /* Release */,
			);
			defaultConfigurationIsVisible = 0;
			defaultConfigurationName = Release;
		};
		1D305FC028FD299100EE3FDF /* Build configuration list for PBXNativeTarget "TheVeggie" */ = {
			isa = XCConfigurationList;
			buildConfigurations = (
				1D305FC128FD299100EE3FDF /* Debug */,
				1D305FC228FD299100EE3FDF /* Release */,
			);
			defaultConfigurationIsVisible = 0;
			defaultConfigurationName = Release;
		};
		1D305FC328FD299100EE3FDF /* Build configuration list for PBXNativeTarget "TheVeggieTests" */ = {
			isa = XCConfigurationList;
			buildConfigurations = (
				1D305FC428FD299100EE3FDF /* Debug */,
				1D305FC528FD299100EE3FDF /* Release */,
			);
			defaultConfigurationIsVisible = 0;
			defaultConfigurationName = Release;
		};
		1D305FC628FD299100EE3FDF /* Build configuration list for PBXNativeTarget "TheVeggieUITests" */ = {
			isa = XCConfigurationList;
			buildConfigurations = (
				1D305FC728FD299100EE3FDF /* Debug */,
				1D305FC828FD299100EE3FDF /* Release */,
			);
			defaultConfigurationIsVisible = 0;
			defaultConfigurationName = Release;
		};
/* End XCConfigurationList section */

/* Begin XCVersionGroup section */
		1D305FA428FD299100EE3FDF /* TheVeggie.xcdatamodeld */ = {
			isa = XCVersionGroup;
			children = (
				1D305FA528FD299100EE3FDF /* TheVeggie.xcdatamodel */,
			);
			currentVersion = 1D305FA528FD299100EE3FDF /* TheVeggie.xcdatamodel */;
			path = TheVeggie.xcdatamodeld;
			sourceTree = "<group>";
			versionGroupType = wrapper.xcdatamodel;
		};
/* End XCVersionGroup section */
	};
	rootObject = 1D305F8E28FD298F00EE3FDF /* Project object */;
}
