// !$*UTF8*$!
{
	archiveVersion = 1;
	classes = {
	};
	objectVersion = 56;
	objects = {

/* Begin PBXBuildFile section */
		1D305F9A28FD298F00EE3FDF /* TheVeggieApp.swift in Sources */ = {isa = PBXBuildFile; fileRef = 1D305F9928FD298F00EE3FDF /* TheVeggieApp.swift */; };
		1D305F9C28FD298F00EE3FDF /* ContentView.swift in Sources */ = {isa = PBXBuildFile; fileRef = 1D305F9B28FD298F00EE3FDF /* ContentView.swift */; };
		1D305F9E28FD299100EE3FDF /* Assets.xcassets in Resources */ = {isa = PBXBuildFile; fileRef = 1D305F9D28FD299100EE3FDF /* Assets.xcassets */; };
		1D305FA128FD299100EE3FDF /* Preview Assets.xcassets in Resources */ = {isa = PBXBuildFile; fileRef = 1D305FA028FD299100EE3FDF /* Preview Assets.xcassets */; };
		1D305FA328FD299100EE3FDF /* Persistence.swift in Sources */ = {isa = PBXBuildFile; fileRef = 1D305FA228FD299100EE3FDF /* Persistence.swift */; };
		1D305FA628FD299100EE3FDF /* TheVeggie.xcdatamodeld in Sources */ = {isa = PBXBuildFile; fileRef = 1D305FA428FD299100EE3FDF /* TheVeggie.xcdatamodeld */; };
		1D305FB128FD299100EE3FDF /* TheVeggieTests.swift in Sources */ = {isa = PBXBuildFile; fileRef = 1D305FB028FD299100EE3FDF /* TheVeggieTests.swift */; };
		1D305FBB28FD299100EE3FDF /* TheVeggieUITests.swift in Sources */ = {isa = PBXBuildFile; fileRef = 1D305FBA28FD299100EE3FDF /* TheVeggieUITests.swift */; };
		1D305FBD28FD299100EE3FDF /* TheVeggieUITestsLaunchTests.swift in Sources */ = {isa = PBXBuildFile; fileRef = 1D305FBC28FD299100EE3FDF /* TheVeggieUITestsLaunchTests.swift */; };
		1D305FCB28FD5F4F00EE3FDF /* Alamofire in Frameworks */ = {isa = PBXBuildFile; productRef = 1D305FCA28FD5F4F00EE3FDF /* Alamofire */; };
		1D305FCE28FD5F7200EE3FDF /* AlamofireImage in Frameworks */ = {isa = PBXBuildFile; productRef = 1D305FCD28FD5F7200EE3FDF /* AlamofireImage */; };
		1D305FD128FD5F9700EE3FDF /* Factory in Frameworks */ = {isa = PBXBuildFile; productRef = 1D305FD028FD5F9700EE3FDF /* Factory */; };
		1D676A3728FDB4DF00449823 /* CoreDataManager.swift in Sources */ = {isa = PBXBuildFile; fileRef = 1D676A3628FDB4DF00449823 /* CoreDataManager.swift */; };
/* End PBXBuildFile section */

/* Begin PBXContainerItemProxy section */
		1D305FAD28FD299100EE3FDF /* PBXContainerItemProxy */ = {
			isa = PBXContainerItemProxy;
			containerPortal = 1D305F8E28FD298F00EE3FDF /* Project object */;
			proxyType = 1;
			remoteGlobalIDString = 1D305F9528FD298F00EE3FDF;
			remoteInfo = TheVeggie;
		};
		1D305FB728FD299100EE3FDF /* PBXContainerItemProxy */ = {
			isa = PBXContainerItemProxy;
			containerPortal = 1D305F8E28FD298F00EE3FDF /* Project object */;
			proxyType = 1;
			remoteGlobalIDString = 1D305F9528FD298F00EE3FDF;
			remoteInfo = TheVeggie;
		};
/* End PBXContainerItemProxy section */

/* Begin PBXFileReference section */
		1D305F9628FD298F00EE3FDF /* TheVeggie.app */ = {isa = PBXFileReference; explicitFileType = wrapper.application; includeInIndex = 0; path = TheVeggie.app; sourceTree = BUILT_PRODUCTS_DIR; };
		1D305F9928FD298F00EE3FDF /* TheVeggieApp.swift */ = {isa = PBXFileReference; lastKnownFileType = sourcecode.swift; path = TheVeggieApp.swift; sourceTree = "<group>"; };
		1D305F9B28FD298F00EE3FDF /* ContentView.swift */ = {isa = PBXFileReference; lastKnownFileType = sourcecode.swift; path = ContentView.swift; sourceTree = "<group>"; };
		1D305F9D28FD299100EE3FDF /* Assets.xcassets */ = {isa = PBXFileReference; lastKnownFileType = folder.assetcatalog; path = Assets.xcassets; sourceTree = "<group>"; };
		1D305FA028FD299100EE3FDF /* Preview Assets.xcassets */ = {isa = PBXFileReference; lastKnownFileType = folder.assetcatalog; path = "Preview Assets.xcassets"; sourceTree = "<group>"; };
		1D305FA228FD299100EE3FDF /* Persistence.swift */ = {isa = PBXFileReference; lastKnownFileType = sourcecode.swift; path = Persistence.swift; sourceTree = "<group>"; };
		1D305FA528FD299100EE3FDF /* TheVeggie.xcdatamodel */ = {isa = PBXFileReference; lastKnownFileType = wrapper.xcdatamodel; path = TheVeggie.xcdatamodel; sourceTree = "<group>"; };
		1D305FA728FD299100EE3FDF /* Info.plist */ = {isa = PBXFileReference; lastKnownFileType = text.plist.xml; path = Info.plist; sourceTree = "<group>"; };
		1D305FAC28FD299100EE3FDF /* TheVeggieTests.xctest */ = {isa = PBXFileReference; explicitFileType = wrapper.cfbundle; includeInIndex = 0; path = TheVeggieTests.xctest; sourceTree = BUILT_PRODUCTS_DIR; };
		1D305FB028FD299100EE3FDF /* TheVeggieTests.swift */ = {isa = PBXFileReference; lastKnownFileType = sourcecode.swift; path = TheVeggieTests.swift; sourceTree = "<group>"; };
		1D305FB628FD299100EE3FDF /* TheVeggieUITests.xctest */ = {isa = PBXFileReference; explicitFileType = wrapper.cfbundle; includeInIndex = 0; path = TheVeggieUITests.xctest; sourceTree = BUILT_PRODUCTS_DIR; };
		1D305FBA28FD299100EE3FDF /* TheVeggieUITests.swift */ = {isa = PBXFileReference; lastKnownFileType = sourcecode.swift; path = TheVeggieUITests.swift; sourceTree = "<group>"; };
		1D305FBC28FD299100EE3FDF /* TheVeggieUITestsLaunchTests.swift */ = {isa = PBXFileReference; lastKnownFileType = sourcecode.swift; path = TheVeggieUITestsLaunchTests.swift; sourceTree = "<group>"; };
		1D676A3628FDB4DF00449823 /* CoreDataManager.swift */ = {isa = PBXFileReference; lastKnownFileType = sourcecode.swift; path = CoreDataManager.swift; sourceTree = "<group>"; };
/* End PBXFileReference section */

/* Begin PBXFrameworksBuildPhase section */
		1D305F9328FD298F00EE3FDF /* Frameworks */ = {
			isa = PBXFrameworksBuildPhase;
			buildActionMask = 2147483647;
			files = (
				1D305FD128FD5F9700EE3FDF /* Factory in Frameworks */,
				1D305FCB28FD5F4F00EE3FDF /* Alamofire in Frameworks */,
				1D305FCE28FD5F7200EE3FDF /* AlamofireImage in Frameworks */,
			);
			runOnlyForDeploymentPostprocessing = 0;
		};
		1D305FA928FD299100EE3FDF /* Frameworks */ = {
			isa = PBXFrameworksBuildPhase;
			buildActionMask = 2147483647;
			files = (
			);
			runOnlyForDeploymentPostprocessing = 0;
		};
		1D305FB328FD299100EE3FDF /* Frameworks */ = {
			isa = PBXFrameworksBuildPhase;
			buildActionMask = 2147483647;
			files = (
			);
			runOnlyForDeploymentPostprocessing = 0;
		};
/* End PBXFrameworksBuildPhase section */

/* Begin PBXGroup section */
		1D305F8D28FD298F00EE3FDF = {
			isa = PBXGroup;
			children = (
				1D305F9828FD298F00EE3FDF /* TheVeggie */,
				1D305FAF28FD299100EE3FDF /* TheVeggieTests */,
				1D305FB928FD299100EE3FDF /* TheVeggieUITests */,
				1D305F9728FD298F00EE3FDF /* Products */,
			);
			sourceTree = "<group>";
		};
		1D305F9728FD298F00EE3FDF /* Products */ = {
			isa = PBXGroup;
			children = (
				1D305F9628FD298F00EE3FDF /* TheVeggie.app */,
				1D305FAC28FD299100EE3FDF /* TheVeggieTests.xctest */,
				1D305FB628FD299100EE3FDF /* TheVeggieUITests.xctest */,
			);
			name = Products;
			sourceTree = "<group>";
		};
		1D305F9828FD298F00EE3FDF /* TheVeggie */ = {
			isa = PBXGroup;
			children = (
				1D305F9928FD298F00EE3FDF /* TheVeggieApp.swift */,
				1D676A3028FDB16B00449823 /* Presentation */,
				1D676A3228FDB1CB00449823 /* Models */,
				1D676A2F28FDB14F00449823 /* Helpers */,
				1D676A2E28FDB13300449823 /* networking */,
				1D676A3128FDB17C00449823 /* CoreData */,
				1D305FA728FD299100EE3FDF /* Info.plist */,
				1D305F9D28FD299100EE3FDF /* Assets.xcassets */,
				1D305F9F28FD299100EE3FDF /* Preview Content */,
			);
			path = TheVeggie;
			sourceTree = "<group>";
		};
		1D305F9F28FD299100EE3FDF /* Preview Content */ = {
			isa = PBXGroup;
			children = (
				1D305FA028FD299100EE3FDF /* Preview Assets.xcassets */,
			);
			path = "Preview Content";
			sourceTree = "<group>";
		};
		1D305FAF28FD299100EE3FDF /* TheVeggieTests */ = {
			isa = PBXGroup;
			children = (
				1D305FB028FD299100EE3FDF /* TheVeggieTests.swift */,
			);
			path = TheVeggieTests;
			sourceTree = "<group>";
		};
		1D305FB928FD299100EE3FDF /* TheVeggieUITests */ = {
			isa = PBXGroup;
			children = (
				1D305FBA28FD299100EE3FDF /* TheVeggieUITests.swift */,
				1D305FBC28FD299100EE3FDF /* TheVeggieUITestsLaunchTests.swift */,
			);
			path = TheVeggieUITests;
			sourceTree = "<group>";
		};
		1D676A2E28FDB13300449823 /* networking */ = {
			isa = PBXGroup;
			children = (
			);
			path = networking;
			sourceTree = "<group>";
		};
		1D676A2F28FDB14F00449823 /* Helpers */ = {
			isa = PBXGroup;
			children = (
			);
			path = Helpers;
			sourceTree = "<group>";
		};
		1D676A3028FDB16B00449823 /* Presentation */ = {
			isa = PBXGroup;
			children = (
				1D305F9B28FD298F00EE3FDF /* ContentView.swift */,
				1D676A3528FDB20900449823 /* Views */,
				1D676A3428FDB1FC00449823 /* ViewModel */,
			);
			path = Presentation;
			sourceTree = "<group>";
		};
		1D676A3128FDB17C00449823 /* CoreData */ = {
			isa = PBXGroup;
			children = (
				1D305FA228FD299100EE3FDF /* Persistence.swift */,
				1D676A3628FDB4DF00449823 /* CoreDataManager.swift */,
			);
			path = CoreData;
			sourceTree = "<group>";
		};
		1D676A3228FDB1CB00449823 /* Models */ = {
			isa = PBXGroup;
			children = (
				1D305FA428FD299100EE3FDF /* TheVeggie.xcdatamodeld */,
			);
			path = Models;
			sourceTree = "<group>";
		};
		1D676A3428FDB1FC00449823 /* ViewModel */ = {
			isa = PBXGroup;
			children = (
			);
			path = ViewModel;
			sourceTree = "<group>";
		};
		1D676A3528FDB20900449823 /* Views */ = {
			isa = PBXGroup;
			children = (
			);
			path = Views;
			sourceTree = "<group>";
		};
/* End PBXGroup section */

/* Begin PBXNativeTarget section */
		1D305F9528FD298F00EE3FDF /* TheVeggie */ = {
			isa = PBXNativeTarget;
			buildConfigurationList = 1D305FC028FD299100EE3FDF /* Build configuration list for PBXNativeTarget "TheVeggie" */;
			buildPhases = (
				1D305F9228FD298F00EE3FDF /* Sources */,
				1D305F9328FD298F00EE3FDF /* Frameworks */,
				1D305F9428FD298F00EE3FDF /* Resources */,
			);
			buildRules = (
			);
			dependencies = (
			);
			name = TheVeggie;
			packageProductDependencies = (
				1D305FCA28FD5F4F00EE3FDF /* Alamofire */,
				1D305FCD28FD5F7200EE3FDF /* AlamofireImage */,
				1D305FD028FD5F9700EE3FDF /* Factory */,
			);
			productName = TheVeggie;
			productReference = 1D305F9628FD298F00EE3FDF /* TheVeggie.app */;
			productType = "com.apple.product-type.application";
		};
		1D305FAB28FD299100EE3FDF /* TheVeggieTests */ = {
			isa = PBXNativeTarget;
			buildConfigurationList = 1D305FC328FD299100EE3FDF /* Build configuration list for PBXNativeTarget "TheVeggieTests" */;
			buildPhases = (
				1D305FA828FD299100EE3FDF /* Sources */,
				1D305FA928FD299100EE3FDF /* Frameworks */,
				1D305FAA28FD299100EE3FDF /* Resources */,
			);
			buildRules = (
			);
			dependencies = (
				1D305FAE28FD299100EE3FDF /* PBXTargetDependency */,
			);
			name = TheVeggieTests;
			productName = TheVeggieTests;
			productReference = 1D305FAC28FD299100EE3FDF /* TheVeggieTests.xctest */;
			productType = "com.apple.product-type.bundle.unit-test";
		};
		1D305FB528FD299100EE3FDF /* TheVeggieUITests */ = {
			isa = PBXNativeTarget;
			buildConfigurationList = 1D305FC628FD299100EE3FDF /* Build configuration list for PBXNativeTarget "TheVeggieUITests" */;
			buildPhases = (
				1D305FB228FD299100EE3FDF /* Sources */,
				1D305FB328FD299100EE3FDF /* Frameworks */,
				1D305FB428FD299100EE3FDF /* Resources */,
			);
			buildRules = (
			);
			dependencies = (
				1D305FB828FD299100EE3FDF /* PBXTargetDependency */,
			);
			name = TheVeggieUITests;
			productName = TheVeggieUITests;
			productReference = 1D305FB628FD299100EE3FDF /* TheVeggieUITests.xctest */;
			productType = "com.apple.product-type.bundle.ui-testing";
		};
/* End PBXNativeTarget section */

/* Begin PBXProject section */
		1D305F8E28FD298F00EE3FDF /* Project object */ = {
			isa = PBXProject;
			attributes = {
				BuildIndependentTargetsInParallel = 1;
				LastSwiftUpdateCheck = 1400;
				LastUpgradeCheck = 1400;
				TargetAttributes = {
					1D305F9528FD298F00EE3FDF = {
						CreatedOnToolsVersion = 14.0.1;
					};
					1D305FAB28FD299100EE3FDF = {
						CreatedOnToolsVersion = 14.0.1;
						TestTargetID = 1D305F9528FD298F00EE3FDF;
					};
					1D305FB528FD299100EE3FDF = {
						CreatedOnToolsVersion = 14.0.1;
						TestTargetID = 1D305F9528FD298F00EE3FDF;
					};
				};
			};
			buildConfigurationList = 1D305F9128FD298F00EE3FDF /* Build configuration list for PBXProject "TheVeggie" */;
			compatibilityVersion = "Xcode 14.0";
			developmentRegion = en;
			hasScannedForEncodings = 0;
			knownRegions = (
				en,
				Base,
			);
			mainGroup = 1D305F8D28FD298F00EE3FDF;
			packageReferences = (
				1D305FC928FD5F4F00EE3FDF /* XCRemoteSwiftPackageReference "Alamofire" */,
				1D305FCC28FD5F7100EE3FDF /* XCRemoteSwiftPackageReference "AlamofireImage" */,
				1D305FCF28FD5F9700EE3FDF /* XCRemoteSwiftPackageReference "Factory" */,
			);
			productRefGroup = 1D305F9728FD298F00EE3FDF /* Products */;
			projectDirPath = "";
			projectRoot = "";
			targets = (
				1D305F9528FD298F00EE3FDF /* TheVeggie */,
				1D305FAB28FD299100EE3FDF /* TheVeggieTests */,
				1D305FB528FD299100EE3FDF /* TheVeggieUITests */,
			);
		};
/* End PBXProject section */

/* Begin PBXResourcesBuildPhase section */
		1D305F9428FD298F00EE3FDF /* Resources */ = {
			isa = PBXResourcesBuildPhase;
			buildActionMask = 2147483647;
			files = (
				1D305FA128FD299100EE3FDF /* Preview Assets.xcassets in Resources */,
				1D305F9E28FD299100EE3FDF /* Assets.xcassets in Resources */,
			);
			runOnlyForDeploymentPostprocessing = 0;
		};
		1D305FAA28FD299100EE3FDF /* Resources */ = {
			isa = PBXResourcesBuildPhase;
			buildActionMask = 2147483647;
			files = (
			);
			runOnlyForDeploymentPostprocessing = 0;
		};
		1D305FB428FD299100EE3FDF /* Resources */ = {
			isa = PBXResourcesBuildPhase;
			buildActionMask = 2147483647;
			files = (
			);
			runOnlyForDeploymentPostprocessing = 0;
		};
/* End PBXResourcesBuildPhase section */

/* Begin PBXSourcesBuildPhase section */
		1D305F9228FD298F00EE3FDF /* Sources */ = {
			isa = PBXSourcesBuildPhase;
			buildActionMask = 2147483647;
			files = (
				1D676A3728FDB4DF00449823 /* CoreDataManager.swift in Sources */,
				1D305FA328FD299100EE3FDF /* Persistence.swift in Sources */,
				1D305F9C28FD298F00EE3FDF /* ContentView.swift in Sources */,
				1D305FA628FD299100EE3FDF /* TheVeggie.xcdatamodeld in Sources */,
				1D305F9A28FD298F00EE3FDF /* TheVeggieApp.swift in Sources */,
			);
			runOnlyForDeploymentPostprocessing = 0;
		};
		1D305FA828FD299100EE3FDF /* Sources */ = {
			isa = PBXSourcesBuildPhase;
			buildActionMask = 2147483647;
			files = (
				1D305FB128FD299100EE3FDF /* TheVeggieTests.swift in Sources */,
			);
			runOnlyForDeploymentPostprocessing = 0;
		};
		1D305FB228FD299100EE3FDF /* Sources */ = {
			isa = PBXSourcesBuildPhase;
			buildActionMask = 2147483647;
			files = (
				1D305FBB28FD299100EE3FDF /* TheVeggieUITests.swift in Sources */,
				1D305FBD28FD299100EE3FDF /* TheVeggieUITestsLaunchTests.swift in Sources */,
			);
			runOnlyForDeploymentPostprocessing = 0;
		};
/* End PBXSourcesBuildPhase section */

/* Begin PBXTargetDependency section */
		1D305FAE28FD299100EE3FDF /* PBXTargetDependency */ = {
			isa = PBXTargetDependency;
			target = 1D305F9528FD298F00EE3FDF /* TheVeggie */;
			targetProxy = 1D305FAD28FD299100EE3FDF /* PBXContainerItemProxy */;
		};
		1D305FB828FD299100EE3FDF /* PBXTargetDependency */ = {
			isa = PBXTargetDependency;
			target = 1D305F9528FD298F00EE3FDF /* TheVeggie */;
			targetProxy = 1D305FB728FD299100EE3FDF /* PBXContainerItemProxy */;
		};
/* End PBXTargetDependency section */

/* Begin XCBuildConfiguration section */
		1D305FBE28FD299100EE3FDF /* Debug */ = {
			isa = XCBuildConfiguration;
			buildSettings = {
				ALWAYS_SEARCH_USER_PATHS = NO;
				CLANG_ANALYZER_NONNULL = YES;
				CLANG_ANALYZER_NUMBER_OBJECT_CONVERSION = YES_AGGRESSIVE;
				CLANG_CXX_LANGUAGE_STANDARD = "gnu++20";
				CLANG_ENABLE_MODULES = YES;
				CLANG_ENABLE_OBJC_ARC = YES;
				CLANG_ENABLE_OBJC_WEAK = YES;
				CLANG_WARN_BLOCK_CAPTURE_AUTORELEASING = YES;
				CLANG_WARN_BOOL_CONVERSION = YES;
				CLANG_WARN_COMMA = YES;
				CLANG_WARN_CONSTANT_CONVERSION = YES;
				CLANG_WARN_DEPRECATED_OBJC_IMPLEMENTATIONS = YES;
				CLANG_WARN_DIRECT_OBJC_ISA_USAGE = YES_ERROR;
				CLANG_WARN_DOCUMENTATION_COMMENTS = YES;
				CLANG_WARN_EMPTY_BODY = YES;
				CLANG_WARN_ENUM_CONVERSION = YES;
				CLANG_WARN_INFINITE_RECURSION = YES;
				CLANG_WARN_INT_CONVERSION = YES;
				CLANG_WARN_NON_LITERAL_NULL_CONVERSION = YES;
				CLANG_WARN_OBJC_IMPLICIT_RETAIN_SELF = YES;
				CLANG_WARN_OBJC_LITERAL_CONVERSION = YES;
				CLANG_WARN_OBJC_ROOT_CLASS = YES_ERROR;
				CLANG_WARN_QUOTED_INCLUDE_IN_FRAMEWORK_HEADER = YES;
				CLANG_WARN_RANGE_LOOP_ANALYSIS = YES;
				CLANG_WARN_STRICT_PROTOTYPES = YES;
				CLANG_WARN_SUSPICIOUS_MOVE = YES;
				CLANG_WARN_UNGUARDED_AVAILABILITY = YES_AGGRESSIVE;
				CLANG_WARN_UNREACHABLE_CODE = YES;
				CLANG_WARN__DUPLICATE_METHOD_MATCH = YES;
				COPY_PHASE_STRIP = NO;
				DEBUG_INFORMATION_FORMAT = dwarf;
				ENABLE_STRICT_OBJC_MSGSEND = YES;
				ENABLE_TESTABILITY = YES;
				GCC_C_LANGUAGE_STANDARD = gnu11;
				GCC_DYNAMIC_NO_PIC = NO;
				GCC_NO_COMMON_BLOCKS = YES;
				GCC_OPTIMIZATION_LEVEL = 0;
				GCC_PREPROCESSOR_DEFINITIONS = (
					"DEBUG=1",
					"$(inherited)",
				);
				GCC_WARN_64_TO_32_BIT_CONVERSION = YES;
				GCC_WARN_ABOUT_RETURN_TYPE = YES_ERROR;
				GCC_WARN_UNDECLARED_SELECTOR = YES;
				GCC_WARN_UNINITIALIZED_AUTOS = YES_AGGRESSIVE;
				GCC_WARN_UNUSED_FUNCTION = YES;
				GCC_WARN_UNUSED_VARIABLE = YES;
				IPHONEOS_DEPLOYMENT_TARGET = 16.0;
				MTL_ENABLE_DEBUG_INFO = INCLUDE_SOURCE;
				MTL_FAST_MATH = YES;
				ONLY_ACTIVE_ARCH = YES;
				SDKROOT = iphoneos;
				SWIFT_ACTIVE_COMPILATION_CONDITIONS = DEBUG;
				SWIFT_OPTIMIZATION_LEVEL = "-Onone";
			};
			name = Debug;
		};
		1D305FBF28FD299100EE3FDF /* Release */ = {
			isa = XCBuildConfiguration;
			buildSettings = {
				ALWAYS_SEARCH_USER_PATHS = NO;
				CLANG_ANALYZER_NONNULL = YES;
				CLANG_ANALYZER_NUMBER_OBJECT_CONVERSION = YES_AGGRESSIVE;
				CLANG_CXX_LANGUAGE_STANDARD = "gnu++20";
				CLANG_ENABLE_MODULES = YES;
				CLANG_ENABLE_OBJC_ARC = YES;
				CLANG_ENABLE_OBJC_WEAK = YES;
				CLANG_WARN_BLOCK_CAPTURE_AUTORELEASING = YES;
				CLANG_WARN_BOOL_CONVERSION = YES;
				CLANG_WARN_COMMA = YES;
				CLANG_WARN_CONSTANT_CONVERSION = YES;
				CLANG_WARN_DEPRECATED_OBJC_IMPLEMENTATIONS = YES;
				CLANG_WARN_DIRECT_OBJC_ISA_USAGE = YES_ERROR;
				CLANG_WARN_DOCUMENTATION_COMMENTS = YES;
				CLANG_WARN_EMPTY_BODY = YES;
				CLANG_WARN_ENUM_CONVERSION = YES;
				CLANG_WARN_INFINITE_RECURSION = YES;
				CLANG_WARN_INT_CONVERSION = YES;
				CLANG_WARN_NON_LITERAL_NULL_CONVERSION = YES;
				CLANG_WARN_OBJC_IMPLICIT_RETAIN_SELF = YES;
				CLANG_WARN_OBJC_LITERAL_CONVERSION = YES;
				CLANG_WARN_OBJC_ROOT_CLASS = YES_ERROR;
				CLANG_WARN_QUOTED_INCLUDE_IN_FRAMEWORK_HEADER = YES;
				CLANG_WARN_RANGE_LOOP_ANALYSIS = YES;
				CLANG_WARN_STRICT_PROTOTYPES = YES;
				CLANG_WARN_SUSPICIOUS_MOVE = YES;
				CLANG_WARN_UNGUARDED_AVAILABILITY = YES_AGGRESSIVE;
				CLANG_WARN_UNREACHABLE_CODE = YES;
				CLANG_WARN__DUPLICATE_METHOD_MATCH = YES;
				COPY_PHASE_STRIP = NO;
				DEBUG_INFORMATION_FORMAT = "dwarf-with-dsym";
				ENABLE_NS_ASSERTIONS = NO;
				ENABLE_STRICT_OBJC_MSGSEND = YES;
				GCC_C_LANGUAGE_STANDARD = gnu11;
				GCC_NO_COMMON_BLOCKS = YES;
				GCC_WARN_64_TO_32_BIT_CONVERSION = YES;
				GCC_WARN_ABOUT_RETURN_TYPE = YES_ERROR;
				GCC_WARN_UNDECLARED_SELECTOR = YES;
				GCC_WARN_UNINITIALIZED_AUTOS = YES_AGGRESSIVE;
				GCC_WARN_UNUSED_FUNCTION = YES;
				GCC_WARN_UNUSED_VARIABLE = YES;
				IPHONEOS_DEPLOYMENT_TARGET = 16.0;
				MTL_ENABLE_DEBUG_INFO = NO;
				MTL_FAST_MATH = YES;
				SDKROOT = iphoneos;
				SWIFT_COMPILATION_MODE = wholemodule;
				SWIFT_OPTIMIZATION_LEVEL = "-O";
				VALIDATE_PRODUCT = YES;
			};
			name = Release;
		};
		1D305FC128FD299100EE3FDF /* Debug */ = {
			isa = XCBuildConfiguration;
			buildSettings = {
				ASSETCATALOG_COMPILER_APPICON_NAME = AppIcon;
				ASSETCATALOG_COMPILER_GLOBAL_ACCENT_COLOR_NAME = AccentColor;
				CODE_SIGN_STYLE = Automatic;
				CURRENT_PROJECT_VERSION = 1;
				DEVELOPMENT_ASSET_PATHS = "\"TheVeggie/Preview Content\"";
				DEVELOPMENT_TEAM = 37H5DH3ZLK;
				ENABLE_PREVIEWS = YES;
				GENERATE_INFOPLIST_FILE = YES;
				INFOPLIST_KEY_UIApplicationSceneManifest_Generation = YES;
				INFOPLIST_KEY_UIApplicationSupportsIndirectInputEvents = YES;
				INFOPLIST_KEY_UILaunchScreen_Generation = YES;
				INFOPLIST_KEY_UISupportedInterfaceOrientations_iPad = "UIInterfaceOrientationPortrait UIInterfaceOrientationPortraitUpsideDown UIInterfaceOrientationLandscapeLeft UIInterfaceOrientationLandscapeRight";
				INFOPLIST_KEY_UISupportedInterfaceOrientations_iPhone = "UIInterfaceOrientationPortrait UIInterfaceOrientationLandscapeLeft UIInterfaceOrientationLandscapeRight";
				LD_RUNPATH_SEARCH_PATHS = (
					"$(inherited)",
					"@executable_path/Frameworks",
				);
				MARKETING_VERSION = 1.0;
				PRODUCT_BUNDLE_IDENTIFIER = de.jessicaernst.TheVeggie;
				PRODUCT_NAME = "$(TARGET_NAME)";
				SWIFT_EMIT_LOC_STRINGS = YES;
				SWIFT_VERSION = 5.0;
				TARGETED_DEVICE_FAMILY = "1,2";
			};
			name = Debug;
		};
		1D305FC228FD299100EE3FDF /* Release */ = {
			isa = XCBuildConfiguration;
			buildSettings = {
				ASSETCATALOG_COMPILER_APPICON_NAME = AppIcon;
				ASSETCATALOG_COMPILER_GLOBAL_ACCENT_COLOR_NAME = AccentColor;
				CODE_SIGN_STYLE = Automatic;
				CURRENT_PROJECT_VERSION = 1;
				DEVELOPMENT_ASSET_PATHS = "\"TheVeggie/Preview Content\"";
				DEVELOPMENT_TEAM = 37H5DH3ZLK;
				ENABLE_PREVIEWS = YES;
				GENERATE_INFOPLIST_FILE = YES;
				INFOPLIST_KEY_UIApplicationSceneManifest_Generation = YES;
				INFOPLIST_KEY_UIApplicationSupportsIndirectInputEvents = YES;
				INFOPLIST_KEY_UILaunchScreen_Generation = YES;
				INFOPLIST_KEY_UISupportedInterfaceOrientations_iPad = "UIInterfaceOrientationPortrait UIInterfaceOrientationPortraitUpsideDown UIInterfaceOrientationLandscapeLeft UIInterfaceOrientationLandscapeRight";
				INFOPLIST_KEY_UISupportedInterfaceOrientations_iPhone = "UIInterfaceOrientationPortrait UIInterfaceOrientationLandscapeLeft UIInterfaceOrientationLandscapeRight";
				LD_RUNPATH_SEARCH_PATHS = (
					"$(inherited)",
					"@executable_path/Frameworks",
				);
				MARKETING_VERSION = 1.0;
				PRODUCT_BUNDLE_IDENTIFIER = de.jessicaernst.TheVeggie;
				PRODUCT_NAME = "$(TARGET_NAME)";
				SWIFT_EMIT_LOC_STRINGS = YES;
				SWIFT_VERSION = 5.0;
				TARGETED_DEVICE_FAMILY = "1,2";
			};
			name = Release;
		};
		1D305FC428FD299100EE3FDF /* Debug */ = {
			isa = XCBuildConfiguration;
			buildSettings = {
				ALWAYS_EMBED_SWIFT_STANDARD_LIBRARIES = YES;
				BUNDLE_LOADER = "$(TEST_HOST)";
				CODE_SIGN_STYLE = Automatic;
				CURRENT_PROJECT_VERSION = 1;
				DEVELOPMENT_TEAM = 37H5DH3ZLK;
				GENERATE_INFOPLIST_FILE = YES;
				IPHONEOS_DEPLOYMENT_TARGET = 16.0;
				MARKETING_VERSION = 1.0;
				PRODUCT_BUNDLE_IDENTIFIER = de.jessicaernst.TheVeggieTests;
				PRODUCT_NAME = "$(TARGET_NAME)";
				SWIFT_EMIT_LOC_STRINGS = NO;
				SWIFT_VERSION = 5.0;
				TARGETED_DEVICE_FAMILY = "1,2";
				TEST_HOST = "$(BUILT_PRODUCTS_DIR)/TheVeggie.app/$(BUNDLE_EXECUTABLE_FOLDER_PATH)/TheVeggie";
			};
			name = Debug;
		};
		1D305FC528FD299100EE3FDF /* Release */ = {
			isa = XCBuildConfiguration;
			buildSettings = {
				ALWAYS_EMBED_SWIFT_STANDARD_LIBRARIES = YES;
				BUNDLE_LOADER = "$(TEST_HOST)";
				CODE_SIGN_STYLE = Automatic;
				CURRENT_PROJECT_VERSION = 1;
				DEVELOPMENT_TEAM = 37H5DH3ZLK;
				GENERATE_INFOPLIST_FILE = YES;
				IPHONEOS_DEPLOYMENT_TARGET = 16.0;
				MARKETING_VERSION = 1.0;
				PRODUCT_BUNDLE_IDENTIFIER = de.jessicaernst.TheVeggieTests;
				PRODUCT_NAME = "$(TARGET_NAME)";
				SWIFT_EMIT_LOC_STRINGS = NO;
				SWIFT_VERSION = 5.0;
				TARGETED_DEVICE_FAMILY = "1,2";
				TEST_HOST = "$(BUILT_PRODUCTS_DIR)/TheVeggie.app/$(BUNDLE_EXECUTABLE_FOLDER_PATH)/TheVeggie";
			};
			name = Release;
		};
		1D305FC728FD299100EE3FDF /* Debug */ = {
			isa = XCBuildConfiguration;
			buildSettings = {
				ALWAYS_EMBED_SWIFT_STANDARD_LIBRARIES = YES;
				CODE_SIGN_STYLE = Automatic;
				CURRENT_PROJECT_VERSION = 1;
				DEVELOPMENT_TEAM = 37H5DH3ZLK;
				GENERATE_INFOPLIST_FILE = YES;
				MARKETING_VERSION = 1.0;
				PRODUCT_BUNDLE_IDENTIFIER = de.jessicaernst.TheVeggieUITests;
				PRODUCT_NAME = "$(TARGET_NAME)";
				SWIFT_EMIT_LOC_STRINGS = NO;
				SWIFT_VERSION = 5.0;
				TARGETED_DEVICE_FAMILY = "1,2";
				TEST_TARGET_NAME = TheVeggie;
			};
			name = Debug;
		};
		1D305FC828FD299100EE3FDF /* Release */ = {
			isa = XCBuildConfiguration;
			buildSettings = {
				ALWAYS_EMBED_SWIFT_STANDARD_LIBRARIES = YES;
				CODE_SIGN_STYLE = Automatic;
				CURRENT_PROJECT_VERSION = 1;
				DEVELOPMENT_TEAM = 37H5DH3ZLK;
				GENERATE_INFOPLIST_FILE = YES;
				MARKETING_VERSION = 1.0;
				PRODUCT_BUNDLE_IDENTIFIER = de.jessicaernst.TheVeggieUITests;
				PRODUCT_NAME = "$(TARGET_NAME)";
				SWIFT_EMIT_LOC_STRINGS = NO;
				SWIFT_VERSION = 5.0;
				TARGETED_DEVICE_FAMILY = "1,2";
				TEST_TARGET_NAME = TheVeggie;
			};
			name = Release;
		};
/* End XCBuildConfiguration section */

/* Begin XCConfigurationList section */
		1D305F9128FD298F00EE3FDF /* Build configuration list for PBXProject "TheVeggie" */ = {
			isa = XCConfigurationList;
			buildConfigurations = (
				1D305FBE28FD299100EE3FDF /* Debug */,
				1D305FBF28FD299100EE3FDF /* Release */,
			);
			defaultConfigurationIsVisible = 0;
			defaultConfigurationName = Release;
		};
		1D305FC028FD299100EE3FDF /* Build configuration list for PBXNativeTarget "TheVeggie" */ = {
			isa = XCConfigurationList;
			buildConfigurations = (
				1D305FC128FD299100EE3FDF /* Debug */,
				1D305FC228FD299100EE3FDF /* Release */,
			);
			defaultConfigurationIsVisible = 0;
			defaultConfigurationName = Release;
		};
		1D305FC328FD299100EE3FDF /* Build configuration list for PBXNativeTarget "TheVeggieTests" */ = {
			isa = XCConfigurationList;
			buildConfigurations = (
				1D305FC428FD299100EE3FDF /* Debug */,
				1D305FC528FD299100EE3FDF /* Release */,
			);
			defaultConfigurationIsVisible = 0;
			defaultConfigurationName = Release;
		};
		1D305FC628FD299100EE3FDF /* Build configuration list for PBXNativeTarget "TheVeggieUITests" */ = {
			isa = XCConfigurationList;
			buildConfigurations = (
				1D305FC728FD299100EE3FDF /* Debug */,
				1D305FC828FD299100EE3FDF /* Release */,
			);
			defaultConfigurationIsVisible = 0;
			defaultConfigurationName = Release;
		};
/* End XCConfigurationList section */

/* Begin XCRemoteSwiftPackageReference section */
		1D305FC928FD5F4F00EE3FDF /* XCRemoteSwiftPackageReference "Alamofire" */ = {
			isa = XCRemoteSwiftPackageReference;
			repositoryURL = "https://github.com/Alamofire/Alamofire.git";
			requirement = {
				branch = master;
				kind = branch;
			};
		};
		1D305FCC28FD5F7100EE3FDF /* XCRemoteSwiftPackageReference "AlamofireImage" */ = {
			isa = XCRemoteSwiftPackageReference;
			repositoryURL = "https://github.com/Alamofire/AlamofireImage.git";
			requirement = {
				branch = master;
				kind = branch;
			};
		};
		1D305FCF28FD5F9700EE3FDF /* XCRemoteSwiftPackageReference "Factory" */ = {
			isa = XCRemoteSwiftPackageReference;
			repositoryURL = "https://github.com/hmlongco/Factory.git";
			requirement = {
				branch = main;
				kind = branch;
			};
		};
/* End XCRemoteSwiftPackageReference section */

/* Begin XCSwiftPackageProductDependency section */
		1D305FCA28FD5F4F00EE3FDF /* Alamofire */ = {
			isa = XCSwiftPackageProductDependency;
			package = 1D305FC928FD5F4F00EE3FDF /* XCRemoteSwiftPackageReference "Alamofire" */;
			productName = Alamofire;
		};
		1D305FCD28FD5F7200EE3FDF /* AlamofireImage */ = {
			isa = XCSwiftPackageProductDependency;
			package = 1D305FCC28FD5F7100EE3FDF /* XCRemoteSwiftPackageReference "AlamofireImage" */;
			productName = AlamofireImage;
		};
		1D305FD028FD5F9700EE3FDF /* Factory */ = {
			isa = XCSwiftPackageProductDependency;
			package = 1D305FCF28FD5F9700EE3FDF /* XCRemoteSwiftPackageReference "Factory" */;
			productName = Factory;
		};
/* End XCSwiftPackageProductDependency section */

/* Begin XCVersionGroup section */
		1D305FA428FD299100EE3FDF /* TheVeggie.xcdatamodeld */ = {
			isa = XCVersionGroup;
			children = (
				1D305FA528FD299100EE3FDF /* TheVeggie.xcdatamodel */,
			);
			currentVersion = 1D305FA528FD299100EE3FDF /* TheVeggie.xcdatamodel */;
			path = TheVeggie.xcdatamodeld;
			sourceTree = "<group>";
			versionGroupType = wrapper.xcdatamodel;
		};
/* End XCVersionGroup section */
	};
	rootObject = 1D305F8E28FD298F00EE3FDF /* Project object */;
}
